
Microsoft Visual Studio Solution File, Format Version 11.00
# Visual C++ Express 2010
Project("{8BC9CEB8-8B4A-11D0-8D11-00A0C91BC942}") = "NDFlightSimulator", "NDFlightSimulator\NDFlightSimulator.vcxproj", "{452BBFC2-8737-473D-970C-898E90A4D35E}"
EndProject
Global
	GlobalSection(SolutionConfigurationPlatforms) = preSolution
		Debug|Win32 = Debug|Win32
		Release|Win32 = Release|Win32
	EndGlobalSection
	GlobalSection(ProjectConfigurationPlatforms) = postSolution
		{452BBFC2-8737-473D-970C-898E90A4D35E}.Debug|Win32.ActiveCfg = Debug|Win32
		{452BBFC2-8737-473D-970C-898E90A4D35E}.Debug|Win32.Build.0 = Debug|Win32
		{452BBFC2-8737-473D-970C-898E90A4D35E}.Release|Win32.ActiveCfg = Release|Win32
		{452BBFC2-8737-473D-970C-898E90A4D35E}.Release|Win32.Build.0 = Release|Win32
	EndGlobalSection
	GlobalSection(SolutionProperties) = preSolution
		HideSolutionNode = FALSE
	EndGlobalSection
EndGlobal
